
Microsoft Visual Studio Solution File, Format Version 9.00
# Visual Studio 2005
Project("{FAE04EC0-301F-11D3-BF4B-00C04F79EFBC}") = "Regulator2005.Core.Tests", "Regulator2005.Tests\Regulator2005.Core.Tests.csproj", "{06FF7AB9-CB1B-49A1-A0F8-B09E8C1AD01F}"
EndProject
Project("{FAE04EC0-301F-11D3-BF4B-00C04F79EFBC}") = "Regulator2005.Core", "Regulator2005.Regex\Regulator2005.Core.csproj", "{15D71519-D0BE-4823-B9DB-4E1B8E0A5F60}"
EndProject
Project("{FAE04EC0-301F-11D3-BF4B-00C04F79EFBC}") = "Regulator2005.UI.tests", "Regulator2005.UI.tests\Regulator2005.UI.tests.csproj", "{EDF1DD62-81E3-47D7-9417-54F9A3710B00}"
EndProject
Project("{FAE04EC0-301F-11D3-BF4B-00C04F79EFBC}") = "Regulator2005.UI", "Regulator2005.UI\Regulator2005.UI.csproj", "{845841B2-B3F7-492D-AA43-ED82E68CC7AF}"
EndProject
Project("{FAE04EC0-301F-11D3-BF4B-00C04F79EFBC}") = "Regulator.2005.Providers.DotNet", "Regulator.2005.Providers.DotNet\Regulator.2005.Providers.DotNet.csproj", "{8274D647-79D6-44C0-AE32-5C21B5F19AD2}"
EndProject
Project("{FAE04EC0-301F-11D3-BF4B-00C04F79EFBC}") = "Regulator.2005.Providers.DotNetTests", "Regulator.2005.Providers.DotNetTests\Regulator.2005.Providers.DotNetTests.csproj", "{0A723E09-EB28-495B-B783-F0D308634AB8}"
EndProject
Project("{FAE04EC0-301F-11D3-BF4B-00C04F79EFBC}") = "Regulator2005.Framework", "Regulator2005.Framework\Regulator2005.Framework.csproj", "{8C306EC3-ED1A-491B-80DD-F6A2D1BBC9C8}"
EndProject
Project("{FAE04EC0-301F-11D3-BF4B-00C04F79EFBC}") = "Regulator2005.RegexVisualizers", "Regulator2005.RegexVisualizers\Regulator2005.RegexVisualizers.csproj", "{02B1888E-C63B-4B1B-8722-BDB4E0780D38}"
EndProject
Global
	GlobalSection(SolutionConfigurationPlatforms) = preSolution
		Debug|Any CPU = Debug|Any CPU
		Release|Any CPU = Release|Any CPU
	EndGlobalSection
	GlobalSection(ProjectConfigurationPlatforms) = postSolution
		{06FF7AB9-CB1B-49A1-A0F8-B09E8C1AD01F}.Debug|Any CPU.ActiveCfg = Debug|Any CPU
		{06FF7AB9-CB1B-49A1-A0F8-B09E8C1AD01F}.Debug|Any CPU.Build.0 = Debug|Any CPU
		{06FF7AB9-CB1B-49A1-A0F8-B09E8C1AD01F}.Release|Any CPU.ActiveCfg = Release|Any CPU
		{06FF7AB9-CB1B-49A1-A0F8-B09E8C1AD01F}.Release|Any CPU.Build.0 = Release|Any CPU
		{15D71519-D0BE-4823-B9DB-4E1B8E0A5F60}.Debug|Any CPU.ActiveCfg = Debug|Any CPU
		{15D71519-D0BE-4823-B9DB-4E1B8E0A5F60}.Debug|Any CPU.Build.0 = Debug|Any CPU
		{15D71519-D0BE-4823-B9DB-4E1B8E0A5F60}.Release|Any CPU.ActiveCfg = Release|Any CPU
		{15D71519-D0BE-4823-B9DB-4E1B8E0A5F60}.Release|Any CPU.Build.0 = Release|Any CPU
		{EDF1DD62-81E3-47D7-9417-54F9A3710B00}.Debug|Any CPU.ActiveCfg = Debug|Any CPU
		{EDF1DD62-81E3-47D7-9417-54F9A3710B00}.Debug|Any CPU.Build.0 = Debug|Any CPU
		{EDF1DD62-81E3-47D7-9417-54F9A3710B00}.Release|Any CPU.ActiveCfg = Release|Any CPU
		{EDF1DD62-81E3-47D7-9417-54F9A3710B00}.Release|Any CPU.Build.0 = Release|Any CPU
		{845841B2-B3F7-492D-AA43-ED82E68CC7AF}.Debug|Any CPU.ActiveCfg = Debug|Any CPU
		{845841B2-B3F7-492D-AA43-ED82E68CC7AF}.Debug|Any CPU.Build.0 = Debug|Any CPU
		{845841B2-B3F7-492D-AA43-ED82E68CC7AF}.Release|Any CPU.ActiveCfg = Release|Any CPU
		{845841B2-B3F7-492D-AA43-ED82E68CC7AF}.Release|Any CPU.Build.0 = Release|Any CPU
		{8274D647-79D6-44C0-AE32-5C21B5F19AD2}.Debug|Any CPU.ActiveCfg = Debug|Any CPU
		{8274D647-79D6-44C0-AE32-5C21B5F19AD2}.Debug|Any CPU.Build.0 = Debug|Any CPU
		{8274D647-79D6-44C0-AE32-5C21B5F19AD2}.Release|Any CPU.ActiveCfg = Release|Any CPU
		{8274D647-79D6-44C0-AE32-5C21B5F19AD2}.Release|Any CPU.Build.0 = Release|Any CPU
		{0A723E09-EB28-495B-B783-F0D308634AB8}.Debug|Any CPU.ActiveCfg = Debug|Any CPU
		{0A723E09-EB28-495B-B783-F0D308634AB8}.Debug|Any CPU.Build.0 = Debug|Any CPU
		{0A723E09-EB28-495B-B783-F0D308634AB8}.Release|Any CPU.ActiveCfg = Release|Any CPU
		{0A723E09-EB28-495B-B783-F0D308634AB8}.Release|Any CPU.Build.0 = Release|Any CPU
		{8C306EC3-ED1A-491B-80DD-F6A2D1BBC9C8}.Debug|Any CPU.ActiveCfg = Debug|Any CPU
		{8C306EC3-ED1A-491B-80DD-F6A2D1BBC9C8}.Debug|Any CPU.Build.0 = Debug|Any CPU
		{8C306EC3-ED1A-491B-80DD-F6A2D1BBC9C8}.Release|Any CPU.ActiveCfg = Release|Any CPU
		{8C306EC3-ED1A-491B-80DD-F6A2D1BBC9C8}.Release|Any CPU.Build.0 = Release|Any CPU
		{02B1888E-C63B-4B1B-8722-BDB4E0780D38}.Debug|Any CPU.ActiveCfg = Debug|Any CPU
		{02B1888E-C63B-4B1B-8722-BDB4E0780D38}.Debug|Any CPU.Build.0 = Debug|Any CPU
		{02B1888E-C63B-4B1B-8722-BDB4E0780D38}.Release|Any CPU.ActiveCfg = Release|Any CPU
		{02B1888E-C63B-4B1B-8722-BDB4E0780D38}.Release|Any CPU.Build.0 = Release|Any CPU
	EndGlobalSection
	GlobalSection(SolutionProperties) = preSolution
		HideSolutionNode = FALSE
	EndGlobalSection
EndGlobal
